
Microsoft Visual Studio Solution File, Format Version 12.00
# Visual Studio Version 16
VisualStudioVersion = 16.0.30717.126
MinimumVisualStudioVersion = 10.0.40219.1
Project("{FAE04EC0-301F-11D3-BF4B-00C04F79EFBC}") = "螢幕保護程式", "螢幕保護程式.csproj", "{213B911C-AF14-4ADE-AC03-42DDD894383A}"
EndProject
Global
	GlobalSection(SolutionConfigurationPlatforms) = preSolution
		Debug|Any CPU = Debug|Any CPU
		Release|Any CPU = Release|Any CPU
	EndGlobalSection
	GlobalSection(ProjectConfigurationPlatforms) = postSolution
		{213B911C-AF14-4ADE-AC03-42DDD894383A}.Debug|Any CPU.ActiveCfg = Debug|Any CPU
		{213B911C-AF14-4ADE-AC03-42DDD894383A}.Debug|Any CPU.Build.0 = Debug|Any CPU
		{213B911C-AF14-4ADE-AC03-42DDD894383A}.Release|Any CPU.ActiveCfg = Release|Any CPU
		{213B911C-AF14-4ADE-AC03-42DDD894383A}.Release|Any CPU.Build.0 = Release|Any CPU
	EndGlobalSection
	GlobalSection(SolutionProperties) = preSolution
		HideSolutionNode = FALSE
	EndGlobalSection
	GlobalSection(ExtensibilityGlobals) = postSolution
		SolutionGuid = {EDB02D27-9C1B-4284-AC3A-F00780918C68}
	EndGlobalSection
EndGlobal
